{
  "version": 4,
  "terraform_version": "1.6.4",
  "serial": 37,
  "lineage": "a6e038c4-a7d9-0cf7-a596-70b6d0f35f44",
  "outputs": {
    "kubernetes_cluster_host": {
      "value": "34.132.198.125",
      "type": "string"
    },
    "kubernetes_cluster_name": {
      "value": "microservice-417615-gke",
      "type": "string"
    },
    "project_id": {
      "value": "microservice-417615",
      "type": "string"
    },
    "region": {
      "value": "us-central1",
      "type": "string"
    },
    "zone": {
      "value": "us-central1-c",
      "type": "string"
    }
  },
  "resources": [
    {
      "mode": "managed",
      "type": "google_compute_network",
      "name": "vpc",
      "provider": "provider[\"registry.terraform.io/hashicorp/google\"]",
      "instances": [
        {
          "schema_version": 0,
          "attributes": {
            "auto_create_subnetworks": false,
            "delete_default_routes_on_create": false,
            "description": "",
            "gateway_ipv4": "",
            "id": "projects/microservice-417615/global/networks/microservice-417615-vpc",
            "mtu": 0,
            "name": "microservice-417615-vpc",
            "project": "microservice-417615",
            "routing_mode": "REGIONAL",
            "self_link": "https://www.googleapis.com/compute/v1/projects/microservice-417615/global/networks/microservice-417615-vpc",
            "timeouts": null
          },
          "sensitive_attributes": [],
          "private": "eyJlMmJmYjczMC1lY2FhLTExZTYtOGY4OC0zNDM2M2JjN2M0YzAiOnsiY3JlYXRlIjoyNDAwMDAwMDAwMDAsImRlbGV0ZSI6MjQwMDAwMDAwMDAwLCJ1cGRhdGUiOjI0MDAwMDAwMDAwMH19"
        }
      ]
    },
    {
      "mode": "managed",
      "type": "google_compute_subnetwork",
      "name": "subnet",
      "provider": "provider[\"registry.terraform.io/hashicorp/google\"]",
      "instances": [
        {
          "schema_version": 0,
          "attributes": {
            "creation_timestamp": "2024-03-20T14:44:49.626-07:00",
            "description": "",
            "external_ipv6_prefix": "",
            "fingerprint": null,
            "gateway_address": "10.10.0.1",
            "id": "projects/microservice-417615/regions/us-central1/subnetworks/microservice-417615-subnet",
            "ip_cidr_range": "10.10.0.0/24",
            "ipv6_access_type": "",
            "ipv6_cidr_range": "",
            "log_config": [],
            "name": "microservice-417615-subnet",
            "network": "https://www.googleapis.com/compute/v1/projects/microservice-417615/global/networks/microservice-417615-vpc",
            "private_ip_google_access": false,
            "private_ipv6_google_access": "DISABLE_GOOGLE_ACCESS",
            "project": "microservice-417615",
            "purpose": "PRIVATE",
            "region": "us-central1",
            "role": "",
            "secondary_ip_range": [],
            "self_link": "https://www.googleapis.com/compute/v1/projects/microservice-417615/regions/us-central1/subnetworks/microservice-417615-subnet",
            "stack_type": "IPV4_ONLY",
            "timeouts": null
          },
          "sensitive_attributes": [],
          "private": "eyJlMmJmYjczMC1lY2FhLTExZTYtOGY4OC0zNDM2M2JjN2M0YzAiOnsiY3JlYXRlIjozNjAwMDAwMDAwMDAsImRlbGV0ZSI6MzYwMDAwMDAwMDAwLCJ1cGRhdGUiOjM2MDAwMDAwMDAwMH19",
          "dependencies": [
            "google_compute_network.vpc"
          ]
        }
      ]
    },
    {
      "mode": "managed",
      "type": "google_container_cluster",
      "name": "primary",
      "provider": "provider[\"registry.terraform.io/hashicorp/google\"]",
      "instances": [
        {
          "schema_version": 1,
          "attributes": {
            "addons_config": [
              {
                "cloudrun_config": [],
                "horizontal_pod_autoscaling": [],
                "http_load_balancing": [],
                "network_policy_config": [
                  {
                    "disabled": true
                  }
                ]
              }
            ],
            "authenticator_groups_config": [],
            "cluster_autoscaling": [
              {
                "auto_provisioning_defaults": [],
                "enabled": false,
                "resource_limits": []
              }
            ],
            "cluster_ipv4_cidr": "10.120.0.0/14",
            "confidential_nodes": [],
            "database_encryption": [
              {
                "key_name": "",
                "state": "DECRYPTED"
              }
            ],
            "datapath_provider": "",
            "default_max_pods_per_node": null,
            "default_snat_status": [
              {
                "disabled": false
              }
            ],
            "description": "",
            "enable_autopilot": false,
            "enable_binary_authorization": false,
            "enable_intranode_visibility": false,
            "enable_kubernetes_alpha": false,
            "enable_legacy_abac": false,
            "enable_shielded_nodes": true,
            "enable_tpu": false,
            "endpoint": "34.132.198.125",
            "id": "projects/microservice-417615/locations/us-central1-c/clusters/microservice-417615-gke",
            "initial_node_count": 1,
            "ip_allocation_policy": [],
            "label_fingerprint": "a9dc16a7",
            "location": "us-central1-c",
            "logging_config": [
              {
                "enable_components": [
                  "SYSTEM_COMPONENTS",
                  "WORKLOADS"
                ]
              }
            ],
            "logging_service": "logging.googleapis.com/kubernetes",
            "maintenance_policy": [],
            "master_auth": [
              {
                "client_certificate": "",
                "client_certificate_config": [
                  {
                    "issue_client_certificate": false
                  }
                ],
                "client_key": "",
                "cluster_ca_certificate": "LS0tLS1CRUdJTiBDRVJUSUZJQ0FURS0tLS0tCk1JSUVMRENDQXBTZ0F3SUJBZ0lRRjZkZUpuKzdIeUl2cFhYV1l4cDZNVEFOQmdrcWhraUc5dzBCQVFzRkFEQXYKTVMwd0t3WURWUVFERXlSaU5ETTROalF4WkMwNE1tUXdMVFE1TlRrdE9ESXhOeTB4T0RobFl6VmpaRFpoWldFdwpJQmNOTWpRd016SXdNakl4TkRBeFdoZ1BNakExTkRBek1UTXlNekUwTURGYU1DOHhMVEFyQmdOVkJBTVRKR0kwCk16ZzJOREZrTFRneVpEQXRORGsxT1MwNE1qRTNMVEU0T0dWak5XTmtObUZsWVRDQ0FhSXdEUVlKS29aSWh2Y04KQVFFQkJRQURnZ0dQQURDQ0FZb0NnZ0dCQUw2b29qV3lnb2diYWFjeFlDZlJqMWVZOUw5MjVadXVCVHlRREtNcwozZmpZWVV6akV0NmVVdWxrK1hZRUFSQjFrNy9NQUdUd1NMVXIrWjdDKzZZb3hEVjJKZVBWSGZWM0w5cjEwT2JJCng3MHhnWEY2LzBvUHgyRmd6bEtmbFQ5akpWSkVhaHpLdkl5UzBRb1lTR25sRnJFcGtTTU5mNndkeXRvcDI3T1EKbC9VS1lBd3lqbmJPRW5VSzltcXFia2NmdmQ4QmFoYmZ3VDRlZ2ZZYzhWY3FqVVVCOUFjbHlEeUV6Ym1zUEVpMgozbDJLcW11RTVPUnFEaFBlSTlqYjV0TlR3V1EvYTNyYmdCS1cwRy9jYXNKZHFwMGs3aEtBYU5qSG5LUG5NMnkrCmdSS3QzRzd6QWVKbHBJcXd0bHVtSG9ITG0vVU9VdjZqQm9zZXlhVGtYU3NCZUk2OStvRnc5ajl0c1BsYWZWa04KZCtHcEF1RXNFTS92NzNQQVBBR2c3dUxoVkV2N2xKTTNyT3J3bDBNUUJnWkdKK1hYMWR3SEkrbkNNQXR3R1hDZApEaFlXOTB6Qmp6WVI4dXBpQVFnVklOc3dRdEk0TGRYTzM0dFYxUXVTMXl1WkNOL0dQc1psYS8rVUZvdGd5M0RUClR3MWxNNHJhQmZDL05oOUEvMUROUnZ3Njh3SURBUUFCbzBJd1FEQU9CZ05WSFE4QkFmOEVCQU1DQWdRd0R3WUQKVlIwVEFRSC9CQVV3QXdFQi96QWRCZ05WSFE0RUZnUVVCa0dTYkJQYjVibFVCcjF5ckxiYlZ6ZmxqQjh3RFFZSgpLb1pJaHZjTkFRRUxCUUFEZ2dHQkFKeTZaQXJuOGxlaFJtV21EcUNtTFRDZE0weTF3UmQwS1FaSFovVCtiMGlvCmZxVHZUcTgrYStMQmNESHRGR2t6cXJuZndOMytwY0N3NVF1VHllaGFKSEpQK0lrZ25MdlN6T3dxRjhYZDNhSWsKQUVYZjVETXdtK1Q1cHY2UEFERUhBWnJmZWY4c0ZPVzdEdTdKbjhaSWdJbHBlUUM5c3dRM1dHejYyQnZKaS9HZgpUL0Y0aXdmajY1aVd3cVFWb0p5TXpaTHI3MmdxL0RzMzVWbDAyRGtMQ2hHZGZ3bkxpMXFGR2luclRuZVZEajlSCjJVN01NNitTSFJuNHlzaklheXFwS0lmbTMwMWw4U0VlL0ZodUF3d0E2b2M3ZHpMdkl6U2xMbWdyUTEzandLU3IKM1dhQ3VTbDFoUkhkZHFCcHZQZnFyTTdRUm1teEswMU5CeXNybTljYUVBVWhaY09ZMHNQT0x1NHdTbHc5ejlwLwpUSHVicTlLTXExZHI3T2d3ZW1jNFI4YU5UbkNXc21XQjI2bERHaE1aREF5Y2NRbXluUDN3cTNGcldNUnlKbU9oCjJQWnRpZVozaFIyM01jeXhoQnlRK2RJWXNSbGZZdnJvR01PM0FyUWx4TldUM1RKQ0Q0RmNmNVZTeDJrS2QzMjYKNGNPa1JUSnYxbHdQN0VzUkNxU1h3QT09Ci0tLS0tRU5EIENFUlRJRklDQVRFLS0tLS0K"
              }
            ],
            "master_authorized_networks_config": [],
            "master_version": "1.27.8-gke.1067004",
            "min_master_version": null,
            "monitoring_config": [
              {
                "enable_components": [
                  "SYSTEM_COMPONENTS"
                ]
              }
            ],
            "monitoring_service": "monitoring.googleapis.com/kubernetes",
            "name": "microservice-417615-gke",
            "network": "projects/microservice-417615/global/networks/microservice-417615-vpc",
            "network_policy": [
              {
                "enabled": false,
                "provider": "PROVIDER_UNSPECIFIED"
              }
            ],
            "networking_mode": "ROUTES",
            "node_config": [
              {
                "disk_size_gb": 100,
                "disk_type": "pd-balanced",
                "gcfs_config": [],
                "guest_accelerator": [],
                "image_type": "COS_CONTAINERD",
                "labels": {
                  "env": "microservice-417615"
                },
                "local_ssd_count": 0,
                "machine_type": "n1-standard-1",
                "metadata": {
                  "disable-legacy-endpoints": "true"
                },
                "min_cpu_platform": "",
                "node_group": "",
                "oauth_scopes": [
                  "https://www.googleapis.com/auth/devstorage.read_only",
                  "https://www.googleapis.com/auth/logging.write",
                  "https://www.googleapis.com/auth/monitoring"
                ],
                "preemptible": false,
                "service_account": "default",
                "shielded_instance_config": [
                  {
                    "enable_integrity_monitoring": true,
                    "enable_secure_boot": false
                  }
                ],
                "tags": [
                  "gke-node",
                  "microservice-417615-gke"
                ],
                "taint": [],
                "workload_metadata_config": []
              }
            ],
            "node_locations": [],
            "node_pool": [
              {
                "autoscaling": [],
                "initial_node_count": 2,
                "instance_group_urls": [
                  "https://www.googleapis.com/compute/v1/projects/microservice-417615/zones/us-central1-c/instanceGroupManagers/gke-microservice-417-microservice-417-88437a75-grp"
                ],
                "managed_instance_group_urls": [
                  "https://www.googleapis.com/compute/v1/projects/microservice-417615/zones/us-central1-c/instanceGroups/gke-microservice-417-microservice-417-88437a75-grp"
                ],
                "management": [
                  {
                    "auto_repair": true,
                    "auto_upgrade": true
                  }
                ],
                "max_pods_per_node": 0,
                "name": "microservice-417615-gke-node-pool",
                "name_prefix": "",
                "node_config": [
                  {
                    "disk_size_gb": 100,
                    "disk_type": "pd-balanced",
                    "gcfs_config": [],
                    "guest_accelerator": [],
                    "image_type": "COS_CONTAINERD",
                    "labels": {
                      "env": "microservice-417615"
                    },
                    "local_ssd_count": 0,
                    "machine_type": "n1-standard-1",
                    "metadata": {
                      "disable-legacy-endpoints": "true"
                    },
                    "min_cpu_platform": "",
                    "node_group": "",
                    "oauth_scopes": [
                      "https://www.googleapis.com/auth/devstorage.read_only",
                      "https://www.googleapis.com/auth/logging.write",
                      "https://www.googleapis.com/auth/monitoring"
                    ],
                    "preemptible": false,
                    "service_account": "default",
                    "shielded_instance_config": [
                      {
                        "enable_integrity_monitoring": true,
                        "enable_secure_boot": false
                      }
                    ],
                    "tags": [
                      "gke-node",
                      "microservice-417615-gke"
                    ],
                    "taint": [],
                    "workload_metadata_config": []
                  }
                ],
                "node_count": 2,
                "node_locations": [
                  "us-central1-c"
                ],
                "upgrade_settings": [
                  {
                    "max_surge": 1,
                    "max_unavailable": 0
                  }
                ],
                "version": "1.27.8-gke.1067004"
              }
            ],
            "node_version": "1.27.8-gke.1067004",
            "operation": null,
            "private_cluster_config": [
              {
                "enable_private_endpoint": false,
                "enable_private_nodes": false,
                "master_global_access_config": [
                  {
                    "enabled": false
                  }
                ],
                "master_ipv4_cidr_block": "",
                "peering_name": "",
                "private_endpoint": "10.10.0.14",
                "public_endpoint": "34.132.198.125"
              }
            ],
            "private_ipv6_google_access": "",
            "project": "microservice-417615",
            "release_channel": [
              {
                "channel": "REGULAR"
              }
            ],
            "remove_default_node_pool": true,
            "resource_labels": {},
            "resource_usage_export_config": [],
            "self_link": "https://container.googleapis.com/v1/projects/microservice-417615/zones/us-central1-c/clusters/microservice-417615-gke",
            "services_ipv4_cidr": "10.123.240.0/20",
            "subnetwork": "projects/microservice-417615/regions/us-central1/subnetworks/microservice-417615-subnet",
            "timeouts": null,
            "tpu_ipv4_cidr_block": "",
            "vertical_pod_autoscaling": [],
            "workload_identity_config": []
          },
          "sensitive_attributes": [],
          "private": "eyJlMmJmYjczMC1lY2FhLTExZTYtOGY4OC0zNDM2M2JjN2M0YzAiOnsiY3JlYXRlIjoyNDAwMDAwMDAwMDAwLCJkZWxldGUiOjI0MDAwMDAwMDAwMDAsInJlYWQiOjI0MDAwMDAwMDAwMDAsInVwZGF0ZSI6MzYwMDAwMDAwMDAwMH0sInNjaGVtYV92ZXJzaW9uIjoiMSJ9",
          "dependencies": [
            "google_compute_network.vpc",
            "google_compute_subnetwork.subnet"
          ]
        }
      ]
    },
    {
      "mode": "managed",
      "type": "google_container_node_pool",
      "name": "primary_nodes",
      "provider": "provider[\"registry.terraform.io/hashicorp/google\"]",
      "instances": [
        {
          "schema_version": 1,
          "attributes": {
            "autoscaling": [],
            "cluster": "microservice-417615-gke",
            "id": "projects/microservice-417615/locations/us-central1-c/clusters/microservice-417615-gke/nodePools/microservice-417615-gke-node-pool",
            "initial_node_count": 2,
            "instance_group_urls": [
              "https://www.googleapis.com/compute/v1/projects/microservice-417615/zones/us-central1-c/instanceGroupManagers/gke-microservice-417-microservice-417-88437a75-grp"
            ],
            "location": "us-central1-c",
            "managed_instance_group_urls": [
              "https://www.googleapis.com/compute/v1/projects/microservice-417615/zones/us-central1-c/instanceGroups/gke-microservice-417-microservice-417-88437a75-grp"
            ],
            "management": [
              {
                "auto_repair": true,
                "auto_upgrade": true
              }
            ],
            "max_pods_per_node": null,
            "name": "microservice-417615-gke-node-pool",
            "name_prefix": "",
            "node_config": [
              {
                "disk_size_gb": 100,
                "disk_type": "pd-balanced",
                "gcfs_config": [],
                "guest_accelerator": [],
                "image_type": "COS_CONTAINERD",
                "labels": {
                  "env": "microservice-417615"
                },
                "local_ssd_count": 0,
                "machine_type": "n1-standard-1",
                "metadata": {
                  "disable-legacy-endpoints": "true"
                },
                "min_cpu_platform": "",
                "node_group": "",
                "oauth_scopes": [
                  "https://www.googleapis.com/auth/devstorage.read_only",
                  "https://www.googleapis.com/auth/logging.write",
                  "https://www.googleapis.com/auth/monitoring"
                ],
                "preemptible": false,
                "service_account": "default",
                "shielded_instance_config": [
                  {
                    "enable_integrity_monitoring": true,
                    "enable_secure_boot": false
                  }
                ],
                "tags": [
                  "gke-node",
                  "microservice-417615-gke"
                ],
                "taint": [],
                "workload_metadata_config": []
              }
            ],
            "node_count": 2,
            "node_locations": [
              "us-central1-c"
            ],
            "operation": null,
            "project": "microservice-417615",
            "timeouts": null,
            "upgrade_settings": [
              {
                "max_surge": 1,
                "max_unavailable": 0
              }
            ],
            "version": "1.27.8-gke.1067004"
          },
          "sensitive_attributes": [],
          "private": "eyJlMmJmYjczMC1lY2FhLTExZTYtOGY4OC0zNDM2M2JjN2M0YzAiOnsiY3JlYXRlIjoxODAwMDAwMDAwMDAwLCJkZWxldGUiOjE4MDAwMDAwMDAwMDAsInVwZGF0ZSI6MTgwMDAwMDAwMDAwMH0sInNjaGVtYV92ZXJzaW9uIjoiMSJ9",
          "dependencies": [
            "google_compute_network.vpc",
            "google_compute_subnetwork.subnet",
            "google_container_cluster.primary"
          ]
        }
      ]
    }
  ],
  "check_results": null
}
